// !$*UTF8*$!
{
	archiveVersion = 1;
	classes = {
	};
	objectVersion = 46;
	objects = {

/* Begin PBXBuildFile section */
		C70640CF13F121E800F4163B /* Cocoa.framework in Frameworks */ = {isa = PBXBuildFile; fileRef = C70640CE13F121E800F4163B /* Cocoa.framework */; };
		C70640D913F121E800F4163B /* InfoPlist.strings in Resources */ = {isa = PBXBuildFile; fileRef = C70640D713F121E800F4163B /* InfoPlist.strings */; };
		C70640DC13F121E800F4163B /* main.m in Sources */ = {isa = PBXBuildFile; fileRef = C70640DB13F121E800F4163B /* main.m */; };
		C70640DF13F121E800F4163B /* Credits.rtf in Resources */ = {isa = PBXBuildFile; fileRef = C70640DD13F121E800F4163B /* Credits.rtf */; };
		C70640EF13F1223900F4163B /* FaceDetector.mm in Sources */ = {isa = PBXBuildFile; fileRef = C70640EC13F1223900F4163B /* FaceDetector.mm */; };
		C70640F013F1223900F4163B /* MyDocument.mm in Sources */ = {isa = PBXBuildFile; fileRef = C70640EE13F1223900F4163B /* MyDocument.mm */; };
		C70640F513F1226100F4163B /* MainMenu.nib in Resources */ = {isa = PBXBuildFile; fileRef = C70640F313F1226100F4163B /* MainMenu.nib */; };
		C70640F613F1226100F4163B /* MyDocument.nib in Resources */ = {isa = PBXBuildFile; fileRef = C70640F413F1226100F4163B /* MyDocument.nib */; };
		C70640F813F1227700F4163B /* QTKit.framework in Frameworks */ = {isa = PBXBuildFile; fileRef = C70640F713F1227700F4163B /* QTKit.framework */; };
		C70640FA13F1227E00F4163B /* QuartzCore.framework in Frameworks */ = {isa = PBXBuildFile; fileRef = C70640F913F1227D00F4163B /* QuartzCore.framework */; };
		C7A84E9013F2DD250092DD11 /* ilabs_postfilter_14jun10a.bin in Resources */ = {isa = PBXBuildFile; fileRef = C7A84E8E13F2DD250092DD11 /* ilabs_postfilter_14jun10a.bin */; };
		C7A84E9113F2DD250092DD11 /* detector_pruned_rot.dat in Resources */ = {isa = PBXBuildFile; fileRef = C7A84E8F13F2DD250092DD11 /* detector_pruned_rot.dat */; };
		C7D6924213FA4F8C00AD4772 /* FaceDetectorCocoaLib.dylib in Frameworks */ = {isa = PBXBuildFile; fileRef = C7D6924113FA4F8C00AD4772 /* FaceDetectorCocoaLib.dylib */; };
/* End PBXBuildFile section */

/* Begin PBXFileReference section */
		C70640CA13F121E800F4163B /* TechTester.app */ = {isa = PBXFileReference; explicitFileType = wrapper.application; includeInIndex = 0; path = TechTester.app; sourceTree = BUILT_PRODUCTS_DIR; };
		C70640CE13F121E800F4163B /* Cocoa.framework */ = {isa = PBXFileReference; lastKnownFileType = wrapper.framework; name = Cocoa.framework; path = System/Library/Frameworks/Cocoa.framework; sourceTree = SDKROOT; };
		C70640D113F121E800F4163B /* AppKit.framework */ = {isa = PBXFileReference; lastKnownFileType = wrapper.framework; name = AppKit.framework; path = System/Library/Frameworks/AppKit.framework; sourceTree = SDKROOT; };
		C70640D213F121E800F4163B /* CoreData.framework */ = {isa = PBXFileReference; lastKnownFileType = wrapper.framework; name = CoreData.framework; path = System/Library/Frameworks/CoreData.framework; sourceTree = SDKROOT; };
		C70640D313F121E800F4163B /* Foundation.framework */ = {isa = PBXFileReference; lastKnownFileType = wrapper.framework; name = Foundation.framework; path = System/Library/Frameworks/Foundation.framework; sourceTree = SDKROOT; };
		C70640D613F121E800F4163B /* TechTester-Info.plist */ = {isa = PBXFileReference; lastKnownFileType = text.plist.xml; path = "TechTester-Info.plist"; sourceTree = "<group>"; };
		C70640D813F121E800F4163B /* en */ = {isa = PBXFileReference; lastKnownFileType = text.plist.strings; name = en; path = en.lproj/InfoPlist.strings; sourceTree = "<group>"; };
		C70640DA13F121E800F4163B /* TechTester-Prefix.pch */ = {isa = PBXFileReference; lastKnownFileType = sourcecode.c.h; path = "TechTester-Prefix.pch"; sourceTree = "<group>"; };
		C70640DB13F121E800F4163B /* main.m */ = {isa = PBXFileReference; lastKnownFileType = sourcecode.c.objc; path = main.m; sourceTree = "<group>"; };
		C70640DE13F121E800F4163B /* en */ = {isa = PBXFileReference; lastKnownFileType = text.rtf; name = en; path = en.lproj/Credits.rtf; sourceTree = "<group>"; };
		C70640EB13F1223900F4163B /* FaceDetector.h */ = {isa = PBXFileReference; fileEncoding = 4; lastKnownFileType = sourcecode.c.h; path = FaceDetector.h; sourceTree = "<group>"; };
		C70640EC13F1223900F4163B /* FaceDetector.mm */ = {isa = PBXFileReference; fileEncoding = 4; lastKnownFileType = sourcecode.cpp.objcpp; path = FaceDetector.mm; sourceTree = "<group>"; };
		C70640ED13F1223900F4163B /* MyDocument.h */ = {isa = PBXFileReference; fileEncoding = 4; lastKnownFileType = sourcecode.c.h; path = MyDocument.h; sourceTree = "<group>"; };
		C70640EE13F1223900F4163B /* MyDocument.mm */ = {isa = PBXFileReference; fileEncoding = 4; lastKnownFileType = sourcecode.cpp.objcpp; path = MyDocument.mm; sourceTree = "<group>"; };
		C70640F313F1226100F4163B /* MainMenu.nib */ = {isa = PBXFileReference; lastKnownFileType = wrapper.nib; path = MainMenu.nib; sourceTree = "<group>"; };
		C70640F413F1226100F4163B /* MyDocument.nib */ = {isa = PBXFileReference; lastKnownFileType = wrapper.nib; path = MyDocument.nib; sourceTree = "<group>"; };
		C70640F713F1227700F4163B /* QTKit.framework */ = {isa = PBXFileReference; lastKnownFileType = wrapper.framework; name = QTKit.framework; path = /System/Library/Frameworks/QTKit.framework; sourceTree = "<absolute>"; };
		C70640F913F1227D00F4163B /* QuartzCore.framework */ = {isa = PBXFileReference; lastKnownFileType = wrapper.framework; name = QuartzCore.framework; path = /System/Library/Frameworks/QuartzCore.framework; sourceTree = "<absolute>"; };
		C73D96FA144BD87900AEE2D8 /* ATLFake.h */ = {isa = PBXFileReference; fileEncoding = 4; lastKnownFileType = sourcecode.c.h; path = ATLFake.h; sourceTree = "<group>"; };
		C73D96FB144BD87900AEE2D8 /* ByteStream.h */ = {isa = PBXFileReference; fileEncoding = 4; lastKnownFileType = sourcecode.c.h; path = ByteStream.h; sourceTree = "<group>"; };
		C73D96FC144BD87900AEE2D8 /* classifier.h */ = {isa = PBXFileReference; fileEncoding = 4; lastKnownFileType = sourcecode.c.h; path = classifier.h; sourceTree = "<group>"; };
		C73D96FD144BD87900AEE2D8 /* ClassifierData.h */ = {isa = PBXFileReference; fileEncoding = 4; lastKnownFileType = sourcecode.c.h; path = ClassifierData.h; sourceTree = "<group>"; };
		C73D96FE144BD87900AEE2D8 /* FaceDetectionBase.h */ = {isa = PBXFileReference; fileEncoding = 4; lastKnownFileType = sourcecode.c.h; path = FaceDetectionBase.h; sourceTree = "<group>"; };
		C73D96FF144BD87900AEE2D8 /* FaceDetectionSoftCascade.h */ = {isa = PBXFileReference; fileEncoding = 4; lastKnownFileType = sourcecode.c.h; path = FaceDetectionSoftCascade.h; sourceTree = "<group>"; };
		C73D9700144BD87900AEE2D8 /* FaceDetectorLbpPostFilter.h */ = {isa = PBXFileReference; fileEncoding = 4; lastKnownFileType = sourcecode.c.h; path = FaceDetectorLbpPostFilter.h; sourceTree = "<group>"; };
		C73D9701144BD87900AEE2D8 /* feature.h */ = {isa = PBXFileReference; fileEncoding = 4; lastKnownFileType = sourcecode.c.h; path = feature.h; sourceTree = "<group>"; };
		C73D9702144BD87900AEE2D8 /* globalpara.h */ = {isa = PBXFileReference; fileEncoding = 4; lastKnownFileType = sourcecode.c.h; path = globalpara.h; sourceTree = "<group>"; };
		C73D9703144BD87900AEE2D8 /* histogram.h */ = {isa = PBXFileReference; fileEncoding = 4; lastKnownFileType = sourcecode.c.h; path = histogram.h; sourceTree = "<group>"; };
		C73D9704144BD87900AEE2D8 /* ILabsPostFilter.h */ = {isa = PBXFileReference; fileEncoding = 4; lastKnownFileType = sourcecode.c.h; path = ILabsPostFilter.h; sourceTree = "<group>"; };
		C73D9705144BD87900AEE2D8 /* image.h */ = {isa = PBXFileReference; fileEncoding = 4; lastKnownFileType = sourcecode.c.h; path = image.h; sourceTree = "<group>"; };
		C73D9706144BD87900AEE2D8 /* lbp.h */ = {isa = PBXFileReference; fileEncoding = 4; lastKnownFileType = sourcecode.c.h; path = lbp.h; sourceTree = "<group>"; };
		C73D9707144BD87900AEE2D8 /* Multidetector.h */ = {isa = PBXFileReference; fileEncoding = 4; lastKnownFileType = sourcecode.c.h; path = Multidetector.h; sourceTree = "<group>"; };
		C73D9708144BD87900AEE2D8 /* Stdafx.h */ = {isa = PBXFileReference; fileEncoding = 4; lastKnownFileType = sourcecode.c.h; path = Stdafx.h; sourceTree = "<group>"; };
		C73D9709144BD87900AEE2D8 /* windows.h */ = {isa = PBXFileReference; fileEncoding = 4; lastKnownFileType = sourcecode.c.h; path = windows.h; sourceTree = "<group>"; };
		C73D970A144BD87900AEE2D8 /* winTypes.h */ = {isa = PBXFileReference; fileEncoding = 4; lastKnownFileType = sourcecode.c.h; path = winTypes.h; sourceTree = "<group>"; };
		C73D970B144BD87900AEE2D8 /* wrect.h */ = {isa = PBXFileReference; fileEncoding = 4; lastKnownFileType = sourcecode.c.h; path = wrect.h; sourceTree = "<group>"; };
		C7A84E8E13F2DD250092DD11 /* ilabs_postfilter_14jun10a.bin */ = {isa = PBXFileReference; lastKnownFileType = archive.macbinary; path = ilabs_postfilter_14jun10a.bin; sourceTree = "<group>"; };
		C7A84E8F13F2DD250092DD11 /* detector_pruned_rot.dat */ = {isa = PBXFileReference; lastKnownFileType = file; path = detector_pruned_rot.dat; sourceTree = "<group>"; };
		C7D6924113FA4F8C00AD4772 /* FaceDetectorCocoaLib.dylib */ = {isa = PBXFileReference; lastKnownFileType = "compiled.mach-o.dylib"; path = FaceDetectorCocoaLib.dylib; sourceTree = "<group>"; };
/* End PBXFileReference section */

/* Begin PBXFrameworksBuildPhase section */
		C70640C713F121E800F4163B /* Frameworks */ = {
			isa = PBXFrameworksBuildPhase;
			buildActionMask = 2147483647;
			files = (
				C70640CF13F121E800F4163B /* Cocoa.framework in Frameworks */,
				C70640F813F1227700F4163B /* QTKit.framework in Frameworks */,
				C70640FA13F1227E00F4163B /* QuartzCore.framework in Frameworks */,
				C7D6924213FA4F8C00AD4772 /* FaceDetectorCocoaLib.dylib in Frameworks */,
			);
			runOnlyForDeploymentPostprocessing = 0;
		};
/* End PBXFrameworksBuildPhase section */

/* Begin PBXGroup section */
		C70640BF13F121E800F4163B = {
			isa = PBXGroup;
			children = (
				C70640D413F121E800F4163B /* TechTester */,
				C70640CD13F121E800F4163B /* Frameworks */,
				C70640CB13F121E800F4163B /* Products */,
			);
			sourceTree = "<group>";
		};
		C70640CB13F121E800F4163B /* Products */ = {
			isa = PBXGroup;
			children = (
				C70640CA13F121E800F4163B /* TechTester.app */,
			);
			name = Products;
			sourceTree = "<group>";
		};
		C70640CD13F121E800F4163B /* Frameworks */ = {
			isa = PBXGroup;
			children = (
				C70640F913F1227D00F4163B /* QuartzCore.framework */,
				C70640F713F1227700F4163B /* QTKit.framework */,
				C70640CE13F121E800F4163B /* Cocoa.framework */,
				C70640D013F121E800F4163B /* Other Frameworks */,
			);
			name = Frameworks;
			sourceTree = "<group>";
		};
		C70640D013F121E800F4163B /* Other Frameworks */ = {
			isa = PBXGroup;
			children = (
				C70640D113F121E800F4163B /* AppKit.framework */,
				C70640D213F121E800F4163B /* CoreData.framework */,
				C70640D313F121E800F4163B /* Foundation.framework */,
			);
			name = "Other Frameworks";
			sourceTree = "<group>";
		};
		C70640D413F121E800F4163B /* TechTester */ = {
			isa = PBXGroup;
			children = (
				C73D96F9144BD87900AEE2D8 /* FaceDetectorCocoaLibHeader */,
				C70640F213F1225100F4163B /* Resources */,
				C70640F113F1223E00F4163B /* Classes */,
				C70640D513F121E800F4163B /* Supporting Files */,
			);
			path = TechTester;
			sourceTree = "<group>";
		};
		C70640D513F121E800F4163B /* Supporting Files */ = {
			isa = PBXGroup;
			children = (
				C7D6924113FA4F8C00AD4772 /* FaceDetectorCocoaLib.dylib */,
				C7A84E8E13F2DD250092DD11 /* ilabs_postfilter_14jun10a.bin */,
				C7A84E8F13F2DD250092DD11 /* detector_pruned_rot.dat */,
				C70640D613F121E800F4163B /* TechTester-Info.plist */,
				C70640D713F121E800F4163B /* InfoPlist.strings */,
				C70640DA13F121E800F4163B /* TechTester-Prefix.pch */,
				C70640DB13F121E800F4163B /* main.m */,
				C70640DD13F121E800F4163B /* Credits.rtf */,
			);
			name = "Supporting Files";
			sourceTree = "<group>";
		};
		C70640F113F1223E00F4163B /* Classes */ = {
			isa = PBXGroup;
			children = (
				C70640EB13F1223900F4163B /* FaceDetector.h */,
				C70640EC13F1223900F4163B /* FaceDetector.mm */,
				C70640ED13F1223900F4163B /* MyDocument.h */,
				C70640EE13F1223900F4163B /* MyDocument.mm */,
			);
			name = Classes;
			sourceTree = "<group>";
		};
		C70640F213F1225100F4163B /* Resources */ = {
			isa = PBXGroup;
			children = (
				C70640F313F1226100F4163B /* MainMenu.nib */,
				C70640F413F1226100F4163B /* MyDocument.nib */,
			);
			name = Resources;
			path = ..;
			sourceTree = "<group>";
		};
		C73D96F9144BD87900AEE2D8 /* FaceDetectorCocoaLibHeader */ = {
			isa = PBXGroup;
			children = (
				C73D96FA144BD87900AEE2D8 /* ATLFake.h */,
				C73D96FB144BD87900AEE2D8 /* ByteStream.h */,
				C73D96FC144BD87900AEE2D8 /* classifier.h */,
				C73D96FD144BD87900AEE2D8 /* ClassifierData.h */,
				C73D96FE144BD87900AEE2D8 /* FaceDetectionBase.h */,
				C73D96FF144BD87900AEE2D8 /* FaceDetectionSoftCascade.h */,
				C73D9700144BD87900AEE2D8 /* FaceDetectorLbpPostFilter.h */,
				C73D9701144BD87900AEE2D8 /* feature.h */,
				C73D9702144BD87900AEE2D8 /* globalpara.h */,
				C73D9703144BD87900AEE2D8 /* histogram.h */,
				C73D9704144BD87900AEE2D8 /* ILabsPostFilter.h */,
				C73D9705144BD87900AEE2D8 /* image.h */,
				C73D9706144BD87900AEE2D8 /* lbp.h */,
				C73D9707144BD87900AEE2D8 /* Multidetector.h */,
				C73D9708144BD87900AEE2D8 /* Stdafx.h */,
				C73D9709144BD87900AEE2D8 /* windows.h */,
				C73D970A144BD87900AEE2D8 /* winTypes.h */,
				C73D970B144BD87900AEE2D8 /* wrect.h */,
			);
			path = FaceDetectorCocoaLibHeader;
			sourceTree = "<group>";
		};
/* End PBXGroup section */

/* Begin PBXNativeTarget section */
		C70640C913F121E800F4163B /* TechTester */ = {
			isa = PBXNativeTarget;
			buildConfigurationList = C70640E813F121E800F4163B /* Build configuration list for PBXNativeTarget "TechTester" */;
			buildPhases = (
				C70640C613F121E800F4163B /* Sources */,
				C70640C713F121E800F4163B /* Frameworks */,
				C70640C813F121E800F4163B /* Resources */,
			);
			buildRules = (
			);
			dependencies = (
			);
			name = TechTester;
			productName = TechTester;
			productReference = C70640CA13F121E800F4163B /* TechTester.app */;
			productType = "com.apple.product-type.application";
		};
/* End PBXNativeTarget section */

/* Begin PBXProject section */
		C70640C113F121E800F4163B /* Project object */ = {
			isa = PBXProject;
			attributes = {
				ORGANIZATIONNAME = "Tsinghua University";
			};
			buildConfigurationList = C70640C413F121E800F4163B /* Build configuration list for PBXProject "TechTester" */;
			compatibilityVersion = "Xcode 3.2";
			developmentRegion = English;
			hasScannedForEncodings = 0;
			knownRegions = (
				en,
			);
			mainGroup = C70640BF13F121E800F4163B;
			productRefGroup = C70640CB13F121E800F4163B /* Products */;
			projectDirPath = "";
			projectRoot = "";
			targets = (
				C70640C913F121E800F4163B /* TechTester */,
			);
		};
/* End PBXProject section */

/* Begin PBXResourcesBuildPhase section */
		C70640C813F121E800F4163B /* Resources */ = {
			isa = PBXResourcesBuildPhase;
			buildActionMask = 2147483647;
			files = (
				C70640D913F121E800F4163B /* InfoPlist.strings in Resources */,
				C70640DF13F121E800F4163B /* Credits.rtf in Resources */,
				C70640F513F1226100F4163B /* MainMenu.nib in Resources */,
				C70640F613F1226100F4163B /* MyDocument.nib in Resources */,
				C7A84E9013F2DD250092DD11 /* ilabs_postfilter_14jun10a.bin in Resources */,
				C7A84E9113F2DD250092DD11 /* detector_pruned_rot.dat in Resources */,
			);
			runOnlyForDeploymentPostprocessing = 0;
		};
/* End PBXResourcesBuildPhase section */

/* Begin PBXSourcesBuildPhase section */
		C70640C613F121E800F4163B /* Sources */ = {
			isa = PBXSourcesBuildPhase;
			buildActionMask = 2147483647;
			files = (
				C70640DC13F121E800F4163B /* main.m in Sources */,
				C70640EF13F1223900F4163B /* FaceDetector.mm in Sources */,
				C70640F013F1223900F4163B /* MyDocument.mm in Sources */,
			);
			runOnlyForDeploymentPostprocessing = 0;
		};
/* End PBXSourcesBuildPhase section */

/* Begin PBXVariantGroup section */
		C70640D713F121E800F4163B /* InfoPlist.strings */ = {
			isa = PBXVariantGroup;
			children = (
				C70640D813F121E800F4163B /* en */,
			);
			name = InfoPlist.strings;
			sourceTree = "<group>";
		};
		C70640DD13F121E800F4163B /* Credits.rtf */ = {
			isa = PBXVariantGroup;
			children = (
				C70640DE13F121E800F4163B /* en */,
			);
			name = Credits.rtf;
			sourceTree = "<group>";
		};
/* End PBXVariantGroup section */

/* Begin XCBuildConfiguration section */
		C70640E613F121E800F4163B /* Debug */ = {
			isa = XCBuildConfiguration;
			buildSettings = {
				ARCHS = "$(ARCHS_STANDARD_32_64_BIT)";
				GCC_C_LANGUAGE_STANDARD = gnu99;
				GCC_OPTIMIZATION_LEVEL = 0;
				GCC_PREPROCESSOR_DEFINITIONS = DEBUG;
				GCC_SYMBOLS_PRIVATE_EXTERN = NO;
				GCC_VERSION = com.apple.compilers.llvm.clang.1_0;
				GCC_WARN_64_TO_32_BIT_CONVERSION = YES;
				GCC_WARN_ABOUT_RETURN_TYPE = YES;
				GCC_WARN_UNUSED_VARIABLE = YES;
				MACOSX_DEPLOYMENT_TARGET = 10.6;
				ONLY_ACTIVE_ARCH = YES;
				SDKROOT = macosx;
			};
			name = Debug;
		};
		C70640E713F121E800F4163B /* Release */ = {
			isa = XCBuildConfiguration;
			buildSettings = {
				ARCHS = "$(ARCHS_STANDARD_32_64_BIT)";
				GCC_C_LANGUAGE_STANDARD = gnu99;
				GCC_VERSION = com.apple.compilers.llvm.clang.1_0;
				GCC_WARN_64_TO_32_BIT_CONVERSION = YES;
				GCC_WARN_ABOUT_RETURN_TYPE = YES;
				GCC_WARN_UNUSED_VARIABLE = YES;
				MACOSX_DEPLOYMENT_TARGET = 10.6;
				SDKROOT = macosx;
			};
			name = Release;
		};
		C70640E913F121E800F4163B /* Debug */ = {
			isa = XCBuildConfiguration;
			buildSettings = {
				ALWAYS_SEARCH_USER_PATHS = NO;
				ARCHS = "$(ARCHS_STANDARD_32_64_BIT)";
				COPY_PHASE_STRIP = NO;
				GCC_DYNAMIC_NO_PIC = NO;
				GCC_ENABLE_OBJC_EXCEPTIONS = YES;
				GCC_PRECOMPILE_PREFIX_HEADER = YES;
				GCC_PREFIX_HEADER = "TechTester/TechTester-Prefix.pch";
				HEADER_SEARCH_PATHS = "\"$(SRCROOT)/TechTester/FaceDetectorCocoaLibHeader\"";
				INFOPLIST_FILE = "TechTester/TechTester-Info.plist";
				LIBRARY_SEARCH_PATHS = (
					"$(inherited)",
					"\"$(SRCROOT)/TechTester\"",
				);
				ONLY_ACTIVE_ARCH = NO;
				OTHER_LDFLAGS = "-lz";
				PRODUCT_NAME = "$(TARGET_NAME)";
				WRAPPER_EXTENSION = app;
			};
			name = Debug;
		};
		C70640EA13F121E800F4163B /* Release */ = {
			isa = XCBuildConfiguration;
			buildSettings = {
				ALWAYS_SEARCH_USER_PATHS = NO;
				COPY_PHASE_STRIP = YES;
				DEBUG_INFORMATION_FORMAT = "dwarf-with-dsym";
				GCC_ENABLE_OBJC_EXCEPTIONS = YES;
				GCC_PRECOMPILE_PREFIX_HEADER = YES;
				GCC_PREFIX_HEADER = "TechTester/TechTester-Prefix.pch";
				HEADER_SEARCH_PATHS = "\"$(SRCROOT)/TechTester/FaceDetectorCocoaLibHeader\"";
				INFOPLIST_FILE = "TechTester/TechTester-Info.plist";
				LIBRARY_SEARCH_PATHS = (
					"$(inherited)",
					"\"$(SRCROOT)/TechTester\"",
				);
				OTHER_LDFLAGS = "-lz";
				PRODUCT_NAME = "$(TARGET_NAME)";
				WRAPPER_EXTENSION = app;
			};
			name = Release;
		};
/* End XCBuildConfiguration section */

/* Begin XCConfigurationList section */
		C70640C413F121E800F4163B /* Build configuration list for PBXProject "TechTester" */ = {
			isa = XCConfigurationList;
			buildConfigurations = (
				C70640E613F121E800F4163B /* Debug */,
				C70640E713F121E800F4163B /* Release */,
			);
			defaultConfigurationIsVisible = 0;
			defaultConfigurationName = Release;
		};
		C70640E813F121E800F4163B /* Build configuration list for PBXNativeTarget "TechTester" */ = {
			isa = XCConfigurationList;
			buildConfigurations = (
				C70640E913F121E800F4163B /* Debug */,
				C70640EA13F121E800F4163B /* Release */,
			);
			defaultConfigurationIsVisible = 0;
			defaultConfigurationName = Release;
		};
/* End XCConfigurationList section */
	};
	rootObject = C70640C113F121E800F4163B /* Project object */;
}
